# This file is automatically @generated by Cargo.
# It is not intended for manual editing.
version = 4

[[package]]
name = "em-sim"
version = "0.1.0"
dependencies = [
 "radar_protocol",
 "radar_transport",
]

[[package]]
name = "radar_protocol"
version = "0.1.0"

[[package]]
name = "radar_transport"
version = "0.1.0"
dependencies = [
 "radar_protocol",
]
