# This file is automatically @generated by Cargo.
# It is not intended for manual editing.
version = 4

[[package]]
name = "integration"
version = "0.1.0"
dependencies = [
 "radar_calibration",
 "radar_dsp",
 "radar_features",
 "radar_protocol",
 "radar_transport",
]

[[package]]
name = "radar_calibration"
version = "0.1.0"
dependencies = [
 "radar_dsp",
 "radar_features",
 "radar_protocol",
]

[[package]]
name = "radar_dsp"
version = "0.1.0"

[[package]]
name = "radar_features"
version = "0.1.0"
dependencies = [
 "radar_dsp",
 "radar_protocol",
]

[[package]]
name = "radar_protocol"
version = "0.1.0"

[[package]]
name = "radar_transport"
version = "0.1.0"
dependencies = [
 "radar_protocol",
]
